
Microsoft Visual Studio Solution File, Format Version 12.00
# Visual Studio Version 16
VisualStudioVersion = 25.0.1703.7
MinimumVisualStudioVersion = 10.0.40219.1
Project("{FAE04EC0-301F-11D3-BF4B-00C04F79EFBC}") = "open_imsdk_for_cs", "open_imsdk_for_cs\open_imsdk_for_cs.csproj", "{74B4CA23-7E66-4707-ABA8-A642911E5F90}"
EndProject
Global
	GlobalSection(SolutionConfigurationPlatforms) = preSolution
		Debug|Any CPU = Debug|Any CPU
		Release|Any CPU = Release|Any CPU
	EndGlobalSection
	GlobalSection(ProjectConfigurationPlatforms) = postSolution
		{74B4CA23-7E66-4707-ABA8-A642911E5F90}.Debug|Any CPU.ActiveCfg = Debug|Any CPU
		{74B4CA23-7E66-4707-ABA8-A642911E5F90}.Debug|Any CPU.Build.0 = Debug|Any CPU
		{74B4CA23-7E66-4707-ABA8-A642911E5F90}.Release|Any CPU.ActiveCfg = Release|Any CPU
		{74B4CA23-7E66-4707-ABA8-A642911E5F90}.Release|Any CPU.Build.0 = Release|Any CPU
	EndGlobalSection
	GlobalSection(SolutionProperties) = preSolution
		HideSolutionNode = FALSE
	EndGlobalSection
	GlobalSection(ExtensibilityGlobals) = postSolution
		SolutionGuid = {FB516E42-6EBE-47EE-A02A-A306FAC2731A}
	EndGlobalSection
EndGlobal
